
Microsoft Visual Studio Solution File, Format Version 12.00
# Visual Studio 15
VisualStudioVersion = 15.0.28010.2050
MinimumVisualStudioVersion = 10.0.40219.1
Project("{9A19103F-16F7-4668-BE54-9A1E7A4F7556}") = "ExcitCore", "ExcitCore\ExcitCore.csproj", "{5BB72857-F3AB-419D-836F-E47B064D5416}"
	ProjectSection(ProjectDependencies) = postProject
		{3506BE2C-24AA-4FC8-98B4-5344AC5EC813} = {3506BE2C-24AA-4FC8-98B4-5344AC5EC813}
	EndProjectSection
EndProject
Project("{9A19103F-16F7-4668-BE54-9A1E7A4F7556}") = "excit.common", "excit.common\excit.common.csproj", "{3506BE2C-24AA-4FC8-98B4-5344AC5EC813}"
EndProject
Project("{2150E333-8FDC-42A3-9474-1A3956D46DE8}") = "tests", "tests", "{5A4CC8D0-2C5A-472F-9EFC-3F4D5D1EA9D1}"
EndProject
Project("{9A19103F-16F7-4668-BE54-9A1E7A4F7556}") = "excit.common.test", "excit.common.test\excit.common.test.csproj", "{EBA64580-1F0B-4CBD-9C90-A048BAFF7C91}"
EndProject
Project("{9A19103F-16F7-4668-BE54-9A1E7A4F7556}") = "excit.externalreferences", "excit.externalreferences\excit.externalreferences.csproj", "{8132B95F-2374-4F60-BDE0-249DC9E8CBF0}"
EndProject
Project("{9A19103F-16F7-4668-BE54-9A1E7A4F7556}") = "ASI.EntityModel", "ASI.EntityModel\ASI.EntityModel.csproj", "{5AA79F65-9723-4551-A78E-68A5E5AEDD7B}"
EndProject
Project("{9A19103F-16F7-4668-BE54-9A1E7A4F7556}") = "ASI.Contracts.Excit", "ASI.Contracts.Excit\ASI.Contracts.Excit.csproj", "{F4ED1EAF-AA1D-44E3-B2AD-C1BA0144B313}"
EndProject
Project("{9A19103F-16F7-4668-BE54-9A1E7A4F7556}") = "ApiEventFunctions", "ApiEventFunctions\ApiEventFunctions.csproj", "{5224282F-3A50-445C-B768-CE756C06E56A}"
EndProject
Global
	GlobalSection(SolutionConfigurationPlatforms) = preSolution
		Debug|Any CPU = Debug|Any CPU
		Release|Any CPU = Release|Any CPU
	EndGlobalSection
	GlobalSection(ProjectConfigurationPlatforms) = postSolution
		{5BB72857-F3AB-419D-836F-E47B064D5416}.Debug|Any CPU.ActiveCfg = Debug|Any CPU
		{5BB72857-F3AB-419D-836F-E47B064D5416}.Debug|Any CPU.Build.0 = Debug|Any CPU
		{5BB72857-F3AB-419D-836F-E47B064D5416}.Release|Any CPU.ActiveCfg = Release|Any CPU
		{5BB72857-F3AB-419D-836F-E47B064D5416}.Release|Any CPU.Build.0 = Release|Any CPU
		{3506BE2C-24AA-4FC8-98B4-5344AC5EC813}.Debug|Any CPU.ActiveCfg = Debug|Any CPU
		{3506BE2C-24AA-4FC8-98B4-5344AC5EC813}.Debug|Any CPU.Build.0 = Debug|Any CPU
		{3506BE2C-24AA-4FC8-98B4-5344AC5EC813}.Release|Any CPU.ActiveCfg = Release|Any CPU
		{3506BE2C-24AA-4FC8-98B4-5344AC5EC813}.Release|Any CPU.Build.0 = Release|Any CPU
		{EBA64580-1F0B-4CBD-9C90-A048BAFF7C91}.Debug|Any CPU.ActiveCfg = Debug|Any CPU
		{EBA64580-1F0B-4CBD-9C90-A048BAFF7C91}.Debug|Any CPU.Build.0 = Debug|Any CPU
		{EBA64580-1F0B-4CBD-9C90-A048BAFF7C91}.Release|Any CPU.ActiveCfg = Release|Any CPU
		{EBA64580-1F0B-4CBD-9C90-A048BAFF7C91}.Release|Any CPU.Build.0 = Release|Any CPU
		{8132B95F-2374-4F60-BDE0-249DC9E8CBF0}.Debug|Any CPU.ActiveCfg = Debug|Any CPU
		{8132B95F-2374-4F60-BDE0-249DC9E8CBF0}.Debug|Any CPU.Build.0 = Debug|Any CPU
		{8132B95F-2374-4F60-BDE0-249DC9E8CBF0}.Release|Any CPU.ActiveCfg = Release|Any CPU
		{8132B95F-2374-4F60-BDE0-249DC9E8CBF0}.Release|Any CPU.Build.0 = Release|Any CPU
		{5AA79F65-9723-4551-A78E-68A5E5AEDD7B}.Debug|Any CPU.ActiveCfg = Debug|Any CPU
		{5AA79F65-9723-4551-A78E-68A5E5AEDD7B}.Debug|Any CPU.Build.0 = Debug|Any CPU
		{5AA79F65-9723-4551-A78E-68A5E5AEDD7B}.Release|Any CPU.ActiveCfg = Release|Any CPU
		{5AA79F65-9723-4551-A78E-68A5E5AEDD7B}.Release|Any CPU.Build.0 = Release|Any CPU
		{F4ED1EAF-AA1D-44E3-B2AD-C1BA0144B313}.Debug|Any CPU.ActiveCfg = Debug|Any CPU
		{F4ED1EAF-AA1D-44E3-B2AD-C1BA0144B313}.Debug|Any CPU.Build.0 = Debug|Any CPU
		{F4ED1EAF-AA1D-44E3-B2AD-C1BA0144B313}.Release|Any CPU.ActiveCfg = Release|Any CPU
		{F4ED1EAF-AA1D-44E3-B2AD-C1BA0144B313}.Release|Any CPU.Build.0 = Release|Any CPU
		{5224282F-3A50-445C-B768-CE756C06E56A}.Debug|Any CPU.ActiveCfg = Debug|Any CPU
		{5224282F-3A50-445C-B768-CE756C06E56A}.Debug|Any CPU.Build.0 = Debug|Any CPU
		{5224282F-3A50-445C-B768-CE756C06E56A}.Release|Any CPU.ActiveCfg = Release|Any CPU
		{5224282F-3A50-445C-B768-CE756C06E56A}.Release|Any CPU.Build.0 = Release|Any CPU
	EndGlobalSection
	GlobalSection(SolutionProperties) = preSolution
		HideSolutionNode = FALSE
	EndGlobalSection
	GlobalSection(NestedProjects) = preSolution
		{EBA64580-1F0B-4CBD-9C90-A048BAFF7C91} = {5A4CC8D0-2C5A-472F-9EFC-3F4D5D1EA9D1}
	EndGlobalSection
	GlobalSection(ExtensibilityGlobals) = postSolution
		SolutionGuid = {A3605862-F1FD-4582-AA63-05D76BDD6E74}
	EndGlobalSection
EndGlobal
